{
  "version": 4,
  "terraform_version": "1.3.6",
  "serial": 75,
  "lineage": "aa73bde0-9a90-3cab-70cd-7dbd198ff75d",
  "outputs": {},
  "resources": [
    {
      "mode": "managed",
      "type": "google_compute_address",
      "name": "static_ip",
      "provider": "provider[\"registry.terraform.io/hashicorp/google\"]",
      "instances": [
        {
          "schema_version": 0,
          "attributes": {
            "address": "35.224.28.248",
            "address_type": "EXTERNAL",
            "creation_timestamp": "2023-03-30T08:11:51.908-07:00",
            "description": "",
            "id": "projects/skillful-gizmo-382017/regions/us-central1/addresses/dot-static-ip",
            "name": "dot-static-ip",
            "network": "",
            "network_tier": "PREMIUM",
            "prefix_length": 0,
            "project": "skillful-gizmo-382017",
            "purpose": "",
            "region": "us-central1",
            "self_link": "https://www.googleapis.com/compute/v1/projects/skillful-gizmo-382017/regions/us-central1/addresses/dot-static-ip",
            "subnetwork": "",
            "timeouts": null,
            "users": []
          },
          "sensitive_attributes": [],
          "private": "eyJlMmJmYjczMC1lY2FhLTExZTYtOGY4OC0zNDM2M2JjN2M0YzAiOnsiY3JlYXRlIjoxMjAwMDAwMDAwMDAwLCJkZWxldGUiOjEyMDAwMDAwMDAwMDB9fQ=="
        }
      ]
    },
    {
      "mode": "managed",
      "type": "google_compute_firewall",
      "name": "dot-port-firewall",
      "provider": "provider[\"registry.terraform.io/hashicorp/google\"]",
      "instances": [
        {
          "schema_version": 1,
          "attributes": {
            "allow": [
              {
                "ports": [
                  "443",
                  "39209",
                  "11727",
                  "80",
                  "3306",
                  "20",
                  "21",
                  "22"
                ],
                "protocol": "tcp"
              }
            ],
            "creation_timestamp": "2023-03-30T08:11:50.798-07:00",
            "deny": [],
            "description": "",
            "destination_ranges": [],
            "direction": "INGRESS",
            "disabled": false,
            "enable_logging": null,
            "id": "projects/skillful-gizmo-382017/global/firewalls/dot-port-firewall",
            "log_config": [],
            "name": "dot-port-firewall",
            "network": "https://www.googleapis.com/compute/v1/projects/skillful-gizmo-382017/global/networks/dot-vpc",
            "priority": 1000,
            "project": "skillful-gizmo-382017",
            "self_link": "https://www.googleapis.com/compute/v1/projects/skillful-gizmo-382017/global/firewalls/dot-port-firewall",
            "source_ranges": [
              "0.0.0.0/0"
            ],
            "source_service_accounts": null,
            "source_tags": null,
            "target_service_accounts": null,
            "target_tags": [
              "dot-port"
            ],
            "timeouts": null
          },
          "sensitive_attributes": [],
          "private": "eyJlMmJmYjczMC1lY2FhLTExZTYtOGY4OC0zNDM2M2JjN2M0YzAiOnsiY3JlYXRlIjoxMjAwMDAwMDAwMDAwLCJkZWxldGUiOjEyMDAwMDAwMDAwMDAsInVwZGF0ZSI6MTIwMDAwMDAwMDAwMH0sInNjaGVtYV92ZXJzaW9uIjoiMSJ9",
          "dependencies": [
            "google_compute_network.dot-vpc"
          ]
        }
      ]
    },
    {
      "mode": "managed",
      "type": "google_compute_instance",
      "name": "dot-instance",
      "provider": "provider[\"registry.terraform.io/hashicorp/google\"]",
      "instances": [
        {
          "schema_version": 6,
          "attributes": {
            "advanced_machine_features": [],
            "allow_stopping_for_update": null,
            "attached_disk": [],
            "boot_disk": [
              {
                "auto_delete": true,
                "device_name": "persistent-disk-0",
                "disk_encryption_key_raw": "",
                "disk_encryption_key_sha256": "",
                "initialize_params": [
                  {
                    "image": "https://www.googleapis.com/compute/v1/projects/ubuntu-os-cloud/global/images/ubuntu-2204-jammy-v20230302",
                    "labels": {},
                    "size": 25,
                    "type": "pd-standard"
                  }
                ],
                "kms_key_self_link": "",
                "mode": "READ_WRITE",
                "source": "https://www.googleapis.com/compute/v1/projects/skillful-gizmo-382017/zones/us-central1-c/disks/dot-instance"
              }
            ],
            "can_ip_forward": false,
            "confidential_instance_config": [],
            "cpu_platform": "Intel Broadwell",
            "current_status": "RUNNING",
            "deletion_protection": false,
            "description": "",
            "desired_status": null,
            "enable_display": false,
            "guest_accelerator": [],
            "hostname": "",
            "id": "projects/skillful-gizmo-382017/zones/us-central1-c/instances/dot-instance",
            "instance_id": "6033850070943143975",
            "label_fingerprint": "42WmSpB8rSM=",
            "labels": null,
            "machine_type": "e2-micro",
            "metadata": {
              "ssh-keys": "royan:ssh-rsa AAAAB3NzaC1yc2EAAAADAQABAAABgQDA/B7MfWq/Lv8DUzyxvoJDMIuE4PLYezgVrmYMg/29MSZG/rPWuvxoAzmMu/SV4HRYNHqbhmb3S1YLjChz/ge6nlRYc3GEOdEBJejPymkKjnIATffFe98PIY+LIQ0Els3B7u1WEwSVhSowwf04PHS2eir4nElsaoYriGAh5+y+liQf1+Y25CJtoitDpIk2fg0tUt85dw89R67f+SCx7rewoWsXeGhuxpN0agV6U1GarGLp88zHL+FphrZuYdTuiJ1x3R5NpB9okOUTl7Wt6Z5Lk0v5CMK3nNXcXQGYFhLs2Pnq7BIqNTJImCxwQE9iLJWOWUFje1tMpYZabxaongS8tp7kZ0dWUo+yzeefrWSln5uLuDU8fdlWh8vjDnKQusqqifaaXODos86hq1S9t+oKTGCNbzkef38ukdHoLE+rXJoU6dqhzw8KjBkLwMHzZn9WlqHu4Ty5siR/kxV6074p5CKmZQCN2HXOD6RNnYbOsnqibmrXh4SNqT5NedUvoH0= royan@notyan",
              "startup-script": "sudo sed -i 's/#Port 22/Port 11727/g' /etc/ssh/sshd_config \u0026\u0026 sudo sed -i 's/#PasswordAuthentication yes/PasswordAuthentication no/g' /etc/ssh/sshd_config \u0026\u0026 sudo systemctl restart sshd"
            },
            "metadata_fingerprint": "iswzGMR6TYY=",
            "metadata_startup_script": null,
            "min_cpu_platform": "",
            "name": "dot-instance",
            "network_interface": [
              {
                "access_config": [
                  {
                    "nat_ip": "35.224.28.248",
                    "network_tier": "PREMIUM",
                    "public_ptr_domain_name": ""
                  }
                ],
                "alias_ip_range": [],
                "ipv6_access_config": [],
                "ipv6_access_type": "",
                "name": "nic0",
                "network": "https://www.googleapis.com/compute/v1/projects/skillful-gizmo-382017/global/networks/dot-vpc",
                "network_ip": "10.0.1.2",
                "nic_type": "",
                "queue_count": 0,
                "stack_type": "IPV4_ONLY",
                "subnetwork": "https://www.googleapis.com/compute/v1/projects/skillful-gizmo-382017/regions/us-central1/subnetworks/dot-subnet",
                "subnetwork_project": "skillful-gizmo-382017"
              }
            ],
            "project": "skillful-gizmo-382017",
            "reservation_affinity": [],
            "resource_policies": null,
            "scheduling": [
              {
                "automatic_restart": true,
                "instance_termination_action": "",
                "min_node_cpus": 0,
                "node_affinities": [],
                "on_host_maintenance": "MIGRATE",
                "preemptible": false,
                "provisioning_model": "STANDARD"
              }
            ],
            "scratch_disk": [],
            "self_link": "https://www.googleapis.com/compute/v1/projects/skillful-gizmo-382017/zones/us-central1-c/instances/dot-instance",
            "service_account": [],
            "shielded_instance_config": [
              {
                "enable_integrity_monitoring": true,
                "enable_secure_boot": false,
                "enable_vtpm": true
              }
            ],
            "tags": [
              "dot-port"
            ],
            "tags_fingerprint": "xZYoikFPeXA=",
            "timeouts": null,
            "zone": "us-central1-c"
          },
          "sensitive_attributes": [],
          "private": "eyJlMmJmYjczMC1lY2FhLTExZTYtOGY4OC0zNDM2M2JjN2M0YzAiOnsiY3JlYXRlIjoxMjAwMDAwMDAwMDAwLCJkZWxldGUiOjEyMDAwMDAwMDAwMDAsInVwZGF0ZSI6MTIwMDAwMDAwMDAwMH0sInNjaGVtYV92ZXJzaW9uIjoiNiJ9",
          "dependencies": [
            "google_compute_address.static_ip",
            "google_compute_network.dot-vpc",
            "google_compute_subnetwork.dot-subnet"
          ]
        }
      ]
    },
    {
      "mode": "managed",
      "type": "google_compute_network",
      "name": "dot-vpc",
      "provider": "provider[\"registry.terraform.io/hashicorp/google\"]",
      "instances": [
        {
          "schema_version": 0,
          "attributes": {
            "auto_create_subnetworks": false,
            "delete_default_routes_on_create": false,
            "description": "",
            "enable_ula_internal_ipv6": false,
            "gateway_ipv4": "",
            "id": "projects/skillful-gizmo-382017/global/networks/dot-vpc",
            "internal_ipv6_range": "",
            "mtu": 0,
            "name": "dot-vpc",
            "project": "skillful-gizmo-382017",
            "routing_mode": "REGIONAL",
            "self_link": "https://www.googleapis.com/compute/v1/projects/skillful-gizmo-382017/global/networks/dot-vpc",
            "timeouts": null
          },
          "sensitive_attributes": [],
          "private": "eyJlMmJmYjczMC1lY2FhLTExZTYtOGY4OC0zNDM2M2JjN2M0YzAiOnsiY3JlYXRlIjoxMjAwMDAwMDAwMDAwLCJkZWxldGUiOjEyMDAwMDAwMDAwMDAsInVwZGF0ZSI6MTIwMDAwMDAwMDAwMH19"
        }
      ]
    },
    {
      "mode": "managed",
      "type": "google_compute_subnetwork",
      "name": "dot-subnet",
      "provider": "provider[\"registry.terraform.io/hashicorp/google\"]",
      "instances": [
        {
          "schema_version": 0,
          "attributes": {
            "creation_timestamp": "2023-03-30T08:11:52.115-07:00",
            "description": "",
            "external_ipv6_prefix": "",
            "fingerprint": null,
            "gateway_address": "10.0.1.1",
            "id": "projects/skillful-gizmo-382017/regions/us-central1/subnetworks/dot-subnet",
            "ip_cidr_range": "10.0.1.0/24",
            "ipv6_access_type": "",
            "ipv6_cidr_range": "",
            "log_config": [],
            "name": "dot-subnet",
            "network": "https://www.googleapis.com/compute/v1/projects/skillful-gizmo-382017/global/networks/dot-vpc",
            "private_ip_google_access": false,
            "private_ipv6_google_access": "DISABLE_GOOGLE_ACCESS",
            "project": "skillful-gizmo-382017",
            "purpose": "PRIVATE",
            "region": "us-central1",
            "role": "",
            "secondary_ip_range": [],
            "self_link": "https://www.googleapis.com/compute/v1/projects/skillful-gizmo-382017/regions/us-central1/subnetworks/dot-subnet",
            "stack_type": "IPV4_ONLY",
            "timeouts": null
          },
          "sensitive_attributes": [],
          "private": "eyJlMmJmYjczMC1lY2FhLTExZTYtOGY4OC0zNDM2M2JjN2M0YzAiOnsiY3JlYXRlIjoxMjAwMDAwMDAwMDAwLCJkZWxldGUiOjEyMDAwMDAwMDAwMDAsInVwZGF0ZSI6MTIwMDAwMDAwMDAwMH19",
          "dependencies": [
            "google_compute_network.dot-vpc"
          ]
        }
      ]
    },
    {
      "mode": "managed",
      "type": "google_project_iam_member",
      "name": "sa-access-bucket",
      "provider": "provider[\"registry.terraform.io/hashicorp/google\"]",
      "instances": [
        {
          "schema_version": 0,
          "attributes": {
            "condition": [],
            "etag": "BwX4H4NcY+s=",
            "id": "skillful-gizmo-382017/roles/storage.objectAdmin/serviceAccount:20489990413-compute@developer.gserviceaccount.com",
            "member": "serviceAccount:20489990413-compute@developer.gserviceaccount.com",
            "project": "skillful-gizmo-382017",
            "role": "roles/storage.objectAdmin"
          },
          "sensitive_attributes": [],
          "private": "bnVsbA=="
        }
      ]
    },
    {
      "mode": "managed",
      "type": "google_storage_bucket",
      "name": "laravel-bucket",
      "provider": "provider[\"registry.terraform.io/hashicorp/google\"]",
      "instances": [
        {
          "schema_version": 0,
          "attributes": {
            "autoclass": [],
            "cors": [],
            "custom_placement_config": [],
            "default_event_based_hold": false,
            "encryption": [],
            "force_destroy": false,
            "id": "dot-laravel-bucket",
            "labels": {},
            "lifecycle_rule": [],
            "location": "US",
            "logging": [],
            "name": "dot-laravel-bucket",
            "project": "skillful-gizmo-382017",
            "public_access_prevention": "inherited",
            "requester_pays": false,
            "retention_policy": [
              {
                "is_locked": false,
                "retention_period": 604800
              }
            ],
            "self_link": "https://www.googleapis.com/storage/v1/b/dot-laravel-bucket",
            "storage_class": "STANDARD",
            "timeouts": null,
            "uniform_bucket_level_access": false,
            "url": "gs://dot-laravel-bucket",
            "versioning": [],
            "website": []
          },
          "sensitive_attributes": [],
          "private": "eyJlMmJmYjczMC1lY2FhLTExZTYtOGY4OC0zNDM2M2JjN2M0YzAiOnsiY3JlYXRlIjo2MDAwMDAwMDAwMDAsInJlYWQiOjI0MDAwMDAwMDAwMCwidXBkYXRlIjoyNDAwMDAwMDAwMDB9fQ=="
        }
      ]
    },
    {
      "mode": "managed",
      "type": "google_storage_bucket_iam_binding",
      "name": "gcsBucket-binding",
      "provider": "provider[\"registry.terraform.io/hashicorp/google\"]",
      "instances": [
        {
          "schema_version": 0,
          "attributes": {
            "bucket": "b/dot-laravel-bucket",
            "condition": [],
            "etag": "CA0=",
            "id": "b/dot-laravel-bucket/roles/storage.objectAdmin",
            "members": [
              "serviceAccount:20489990413-compute@developer.gserviceaccount.com"
            ],
            "role": "roles/storage.objectAdmin"
          },
          "sensitive_attributes": [],
          "private": "bnVsbA=="
        }
      ]
    }
  ],
  "check_results": null
}
